
Microsoft Visual Studio Solution File, Format Version 12.00
# Visual Studio 14
VisualStudioVersion = 14.0.24720.0
MinimumVisualStudioVersion = 10.0.40219.1
Project("{FAE04EC0-301F-11D3-BF4B-00C04F79EFBC}") = "graphic editor", "graphic editor\graphic editor.csproj", "{F12D815A-B0D6-41BC-8974-5919956A6A2B}"
EndProject
Project("{FAE04EC0-301F-11D3-BF4B-00C04F79EFBC}") = "ShapeServer", "server\ShapeServer.csproj", "{AD320267-DF88-4C37-AC18-3315C991B14E}"
EndProject
Project("{FAE04EC0-301F-11D3-BF4B-00C04F79EFBC}") = "ShapeInterfaces", "ShapeInterfaces\ShapeInterfaces.csproj", "{3BCCBC44-AC34-42A2-9C72-D60B53AECB2D}"
EndProject
Global
	GlobalSection(SolutionConfigurationPlatforms) = preSolution
		Debug|Any CPU = Debug|Any CPU
		Release|Any CPU = Release|Any CPU
	EndGlobalSection
	GlobalSection(ProjectConfigurationPlatforms) = postSolution
		{F12D815A-B0D6-41BC-8974-5919956A6A2B}.Debug|Any CPU.ActiveCfg = Debug|Any CPU
		{F12D815A-B0D6-41BC-8974-5919956A6A2B}.Debug|Any CPU.Build.0 = Debug|Any CPU
		{F12D815A-B0D6-41BC-8974-5919956A6A2B}.Release|Any CPU.ActiveCfg = Release|Any CPU
		{F12D815A-B0D6-41BC-8974-5919956A6A2B}.Release|Any CPU.Build.0 = Release|Any CPU
		{AD320267-DF88-4C37-AC18-3315C991B14E}.Debug|Any CPU.ActiveCfg = Debug|Any CPU
		{AD320267-DF88-4C37-AC18-3315C991B14E}.Debug|Any CPU.Build.0 = Debug|Any CPU
		{AD320267-DF88-4C37-AC18-3315C991B14E}.Release|Any CPU.ActiveCfg = Release|Any CPU
		{AD320267-DF88-4C37-AC18-3315C991B14E}.Release|Any CPU.Build.0 = Release|Any CPU
		{3BCCBC44-AC34-42A2-9C72-D60B53AECB2D}.Debug|Any CPU.ActiveCfg = Debug|Any CPU
		{3BCCBC44-AC34-42A2-9C72-D60B53AECB2D}.Debug|Any CPU.Build.0 = Debug|Any CPU
		{3BCCBC44-AC34-42A2-9C72-D60B53AECB2D}.Release|Any CPU.ActiveCfg = Release|Any CPU
		{3BCCBC44-AC34-42A2-9C72-D60B53AECB2D}.Release|Any CPU.Build.0 = Release|Any CPU
	EndGlobalSection
	GlobalSection(SolutionProperties) = preSolution
		HideSolutionNode = FALSE
	EndGlobalSection
EndGlobal
